
Microsoft Visual Studio Solution File, Format Version 12.00
# Visual Studio Version 16
VisualStudioVersion = 16.0.31515.178
MinimumVisualStudioVersion = 10.0.40219.1
Project("{FAE04EC0-301F-11D3-BF4B-00C04F79EFBC}") = "SalesWebMvc", "SalesWebMvc\SalesWebMvc.csproj", "{CDB29F92-9A12-4C4E-A401-1BB7D5069913}"
EndProject
Global
	GlobalSection(SolutionConfigurationPlatforms) = preSolution
		Debug|Any CPU = Debug|Any CPU
		Release|Any CPU = Release|Any CPU
	EndGlobalSection
	GlobalSection(ProjectConfigurationPlatforms) = postSolution
		{CDB29F92-9A12-4C4E-A401-1BB7D5069913}.Debug|Any CPU.ActiveCfg = Debug|Any CPU
		{CDB29F92-9A12-4C4E-A401-1BB7D5069913}.Debug|Any CPU.Build.0 = Debug|Any CPU
		{CDB29F92-9A12-4C4E-A401-1BB7D5069913}.Release|Any CPU.ActiveCfg = Release|Any CPU
		{CDB29F92-9A12-4C4E-A401-1BB7D5069913}.Release|Any CPU.Build.0 = Release|Any CPU
	EndGlobalSection
	GlobalSection(SolutionProperties) = preSolution
		HideSolutionNode = FALSE
	EndGlobalSection
	GlobalSection(ExtensibilityGlobals) = postSolution
		SolutionGuid = {5C8CC585-1312-49E7-BEA0-903678761E1E}
	EndGlobalSection
EndGlobal
